{
  "name": "velociraptor-setup-scripts",
  "version": "5.0.4-beta",
  "lockfileVersion": 3,
  "requires": true,
  "packages": {
    "": {
      "name": "velociraptor-setup-scripts",
      "version": "5.0.4-beta",
      "cpu": [
        "x64",
        "arm64"
      ],
      "hasInstallScript": true,
      "license": "MIT",
      "os": [
        "win32",
        "linux",
        "darwin"
      ],
      "engines": {
        "powershell": ">=5.1",
        "pwsh": ">=7.0"
      },
      "funding": {
        "type": "github",
        "url": "https://github.com/sponsors/Ununp3ntium115"
      }
    }
  }
}
