// !$*UTF8*$!
{
	archiveVersion = 1;
	classes = {
	};
	objectVersion = 77;
	objects = {

/* Begin PBXBuildFile section */
		01068FF3BFF4EFFD26E3DA75 /* DeploymentManager.swift in Sources */ = {isa = PBXBuildFile; fileRef = FC6FA9C721B2A993DCCC3702 /* DeploymentManager.swift */; };
		EMGLOCKDOWN1BUILD2REF34 /* EmergencyLockdownView.swift in Sources */ = {isa = PBXBuildFile; fileRef = EMGLOCKDOWN1FILE2REF345 /* EmergencyLockdownView.swift */; };
		PORTLOCK1BUILD2REF345678 /* PortLockdownManager.swift in Sources */ = {isa = PBXBuildFile; fileRef = PORTLOCK1FILE2REF3456789 /* PortLockdownManager.swift */; };
		02299BE26872924EFEC8B0BB /* CertificateSetupViewModelTests.swift in Sources */ = {isa = PBXBuildFile; fileRef = A71557D1A4DC8040F69309F0 /* CertificateSetupViewModelTests.swift */; };
		043B770147FC1D032EE7EED0 /* ConfigurationData.swift in Sources */ = {isa = PBXBuildFile; fileRef = 8DC628EB3789B9DAE2F6AD56 /* ConfigurationData.swift */; };
		INTEG1PROVIDERS2BUILD3REF /* IntegrationProviders.swift in Sources */ = {isa = PBXBuildFile; fileRef = INTEG1PROVIDERS2FILE3REF4 /* IntegrationProviders.swift */; };
		EMRGCTRL1BUILD2REF345678 /* EmergencyController.swift in Sources */ = {isa = PBXBuildFile; fileRef = EMRGCTRL1FILE2REF3456789 /* EmergencyController.swift */; };
		AICHATVIEW1BUILD2REF3456 /* AIChatView.swift in Sources */ = {isa = PBXBuildFile; fileRef = AICHATVIEW1FILE2REF34567 /* AIChatView.swift */; };
		TERMVIEW1BUILD2REF345678 /* TerminalView.swift in Sources */ = {isa = PBXBuildFile; fileRef = TERMVIEW1FILE2REF3456789 /* TerminalView.swift */; };
		BINLIFECYCLE1BUILD2REF34 /* BinaryLifecycleView.swift in Sources */ = {isa = PBXBuildFile; fileRef = BINLIFECYCLE1FILE2REF345 /* BinaryLifecycleView.swift */; };
		CLAWBRAND1BUILD2REF34567 /* ClawBrandingView.swift in Sources */ = {isa = PBXBuildFile; fileRef = CLAWBRAND1FILE2REF345678 /* ClawBrandingView.swift */; };
		EMGTCHBAR1BUILD2REF3456 /* EmergencyTouchBar.swift in Sources */ = {isa = PBXBuildFile; fileRef = EMGTCHBAR1FILE2REF34567 /* EmergencyTouchBar.swift */; };
		0CFC81511134864263F50ADD /* NotificationManagerTests.swift in Sources */ = {isa = PBXBuildFile; fileRef = 14D7C361F7D3DF7DF4B875B5 /* NotificationManagerTests.swift */; };
		0FFC585E14A27D778AFE0ABE /* PackageManagerView.swift in Sources */ = {isa = PBXBuildFile; fileRef = 543827AF529761C8ED1CB9F9 /* PackageManagerView.swift */; };
		1042733B1E5694F09FA42E61 /* WebSocketService.swift in Sources */ = {isa = PBXBuildFile; fileRef = F38014CE37ACAF2C32497903 /* WebSocketService.swift */; };
		194BCB199D356DE71F1E1A1F /* DashboardView.swift in Sources */ = {isa = PBXBuildFile; fileRef = A1C7F355344D2F124DF1AE14 /* DashboardView.swift */; };
		1977077BA5068ED85258E9C0 /* ArtifactManagerViewModel.swift in Sources */ = {isa = PBXBuildFile; fileRef = 88DC5559649214A431D99498 /* ArtifactManagerViewModel.swift */; };
		1AB46FDE37893482755F75ED /* LogsView.swift in Sources */ = {isa = PBXBuildFile; fileRef = FBE38670AA0811FFD6B67F1E /* LogsView.swift */; };
		LABELS1BUILD2REF345678901 /* LabelsView.swift in Sources */ = {isa = PBXBuildFile; fileRef = LABELS1FILE2REF3456789012 /* LabelsView.swift */; };
		229B9163F02D66EDA2025547 /* SettingsView.swift in Sources */ = {isa = PBXBuildFile; fileRef = 450EB1698C4C0B4F5CAC2EDD /* SettingsView.swift */; };
		INTSETTINGS1BUILD2REF3456 /* IntegrationsSettingsView.swift in Sources */ = {isa = PBXBuildFile; fileRef = INTSETTINGS1FILE2REFABC /* IntegrationsSettingsView.swift */; };
		OFFPKGBUILDER1BUILDREF12 /* OfflinePackageBuilderView.swift in Sources */ = {isa = PBXBuildFile; fileRef = OFFPKGBUILDER1FILEREF12 /* OfflinePackageBuilderView.swift */; };
		25504F2C5642B7233C2844E5 /* OrchestrationView.swift in Sources */ = {isa = PBXBuildFile; fileRef = F3E1D4B8F546C2B2599C5494 /* OrchestrationView.swift */; };
		25D23BD9F35D28CDC318C427 /* AccessibilityIdentifiers.swift in Sources */ = {isa = PBXBuildFile; fileRef = 0A7FA251A9AA047687359209 /* AccessibilityIdentifiers.swift */; };
		2858209086E735101C41E49F /* Assets.xcassets in Resources */ = {isa = PBXBuildFile; fileRef = 1CEF2263400676C5EC5CD65D /* Assets.xcassets */; };
		2E0568D1E609759D2E2A6506 /* Strings.swift in Sources */ = {isa = PBXBuildFile; fileRef = 63C375AA22BF0D03870583C6 /* Strings.swift */; };
		2E6AAFF846EF2E5FC2FF5133 /* ConfigurationWizardUITests.swift in Sources */ = {isa = PBXBuildFile; fileRef = D38885428786174B911A279B /* ConfigurationWizardUITests.swift */; };
		30A3C630B37A4501ABBF0BE1 /* TestAccessibilityIdentifiers.swift in Sources */ = {isa = PBXBuildFile; fileRef = CD0038C5D437C407CC65F5FF /* TestAccessibilityIdentifiers.swift */; };
		3170F6C425F88A08862078BE /* HealthMonitorTests.swift in Sources */ = {isa = PBXBuildFile; fileRef = 6867269DF74A2A119F8930E1 /* HealthMonitorTests.swift */; };
		33B9DCDEBEE9F9E14EBE2894 /* ConfigurationDataTests.swift in Sources */ = {isa = PBXBuildFile; fileRef = D2F2F5BA2146A94254CADAF8 /* ConfigurationDataTests.swift */; };
		3ED15A8A8B47386F95A05ECF /* IncidentResponseUITests.swift in Sources */ = {isa = PBXBuildFile; fileRef = E22730B810FBC8371C91779E /* IncidentResponseUITests.swift */; };
		40F27FCF25529EFAB46A70C6 /* AuthenticationStepView.swift in Sources */ = {isa = PBXBuildFile; fileRef = 208BF98DD5D4B60C36CF6D7D /* AuthenticationStepView.swift */; };
		45730ACBB60C0B9499455578 /* LoggerTests.swift in Sources */ = {isa = PBXBuildFile; fileRef = 3D5503EEFDA721B39B04479E /* LoggerTests.swift */; };
		469093CC7F92F749E53B066C /* VelociraptorAPIClient.swift in Sources */ = {isa = PBXBuildFile; fileRef = 7871F52BD2FC123D07C7ECD5 /* VelociraptorAPIClient.swift */; };
		484E9298E73652994990159C /* APIModelsTests.swift in Sources */ = {isa = PBXBuildFile; fileRef = C443D6F5BBEC2887910EFFFE /* APIModelsTests.swift */; };
		49840DEA932B4A0F5DDE09E7 /* ComprehensiveUITests.swift in Sources */ = {isa = PBXBuildFile; fileRef = AB1CAEE8373E56AEFE435A47 /* ComprehensiveUITests.swift */; };
		49BDEBA93E0B98A261B421CF /* AIConfigurationStepView.swift in Sources */ = {isa = PBXBuildFile; fileRef = D7624931EADFBEDFBDCF66B5 /* AIConfigurationStepView.swift */; };
		MDM1CONFIG2STEP3VIEW4BULD /* MDMConfigurationStepView.swift in Sources */ = {isa = PBXBuildFile; fileRef = MDM1CONFIG2STEP3VIEW4REF5 /* MDMConfigurationStepView.swift */; };
		4A61EF908F13C530DE6E4F09 /* AppStateTests.swift in Sources */ = {isa = PBXBuildFile; fileRef = AB5167FD7B361ABA7A506B81 /* AppStateTests.swift */; };
		539A76569151F75807EEB3D5 /* KeychainManagerTests.swift in Sources */ = {isa = PBXBuildFile; fileRef = F580CE94011233319BE9ED0A /* KeychainManagerTests.swift */; };
		53BF4E036BC5513E01C43568 /* OfflineCollectorView.swift in Sources */ = {isa = PBXBuildFile; fileRef = 2C55AD74EFA48A6856821EF0 /* OfflineCollectorView.swift */; };
		557FF2191941885389E563AB /* TrainingView.swift in Sources */ = {isa = PBXBuildFile; fileRef = 6D3E20B5CCE9F1CC39137324 /* TrainingView.swift */; };
		56D07E97686B9DEF004B68E7 /* IntegrationsView.swift in Sources */ = {isa = PBXBuildFile; fileRef = 586B186DDF5B752EA698720D /* IntegrationsView.swift */; };
		588EF4835019B38B6A2A26D6 /* WizardUITests.swift in Sources */ = {isa = PBXBuildFile; fileRef = F05D2E192C8F6AC66A81A79E /* WizardUITests.swift */; };
		58AD0A489C8D0A8FA34A8E3D /* HuntManagerView.swift in Sources */ = {isa = PBXBuildFile; fileRef = 458E9952DC284961E4050E77 /* HuntManagerView.swift */; };
		5B4A826DDF14477752F1CFC2 /* NotebooksView.swift in Sources */ = {isa = PBXBuildFile; fileRef = 2EC0E5886F2B181802FEB976 /* NotebooksView.swift */; };
		5BC7ED0C84A2FBB648E00590 /* CertificateSettingsStepView.swift in Sources */ = {isa = PBXBuildFile; fileRef = 7A301AC58F8A66E016A06E5A /* CertificateSettingsStepView.swift */; };
		61799688D7252FA19AA05C23 /* MCPArtifactRecommender.swift in Sources */ = {isa = PBXBuildFile; fileRef = 26B3831A6C564879767ECF12 /* MCPArtifactRecommender.swift */; };
		68EFB55B1C961214B3DD3550 /* CertificateSetupView.swift in Sources */ = {isa = PBXBuildFile; fileRef = 031F1C0A507714A6916EA97C /* CertificateSetupView.swift */; };
		6DF794672E58C57F3FF3E7A1 /* DeploymentTypeStepView.swift in Sources */ = {isa = PBXBuildFile; fileRef = 88DE2584D118FB063A839EEE /* DeploymentTypeStepView.swift */; };
		6E25A2E92ACF28BEFC8296BC /* VFSBrowserView.swift in Sources */ = {isa = PBXBuildFile; fileRef = 3C2FFE04ACDEB059BB77CB96 /* VFSBrowserView.swift */; };
		709D8F74C7B143990B269571 /* VelociraptorAPIClientTests.swift in Sources */ = {isa = PBXBuildFile; fileRef = 5BC400D356EE7C3A5B543E46 /* VelociraptorAPIClientTests.swift */; };
		7122D321505A780028A9D2DC /* EmergencyModeView.swift in Sources */ = {isa = PBXBuildFile; fileRef = EB018EB2C2501475E3DFC112 /* EmergencyModeView.swift */; };
		749CE8D84F2DF5B49ED70060 /* Logger.swift in Sources */ = {isa = PBXBuildFile; fileRef = BCC0A20AF836F5D6289CFCDF /* Logger.swift */; };
		75508CF9F2AFB59C71B0205F /* VelociraptorBinaryBridgeTests.swift in Sources */ = {isa = PBXBuildFile; fileRef = E688C6FC0054A3D8A243CF3C /* VelociraptorBinaryBridgeTests.swift */; };
		876C9A8633F8FE093CE90497 /* EvidenceView.swift in Sources */ = {isa = PBXBuildFile; fileRef = 0AB5F651192DAE1D3057B5ED /* EvidenceView.swift */; };
		8B0412BBE4B6E288AA1A77B3 /* SIEMIntegrationsView.swift in Sources */ = {isa = PBXBuildFile; fileRef = E789986EE9660BAA5AB15F01 /* SIEMIntegrationsView.swift */; };
		8C55FCA99B40677745C09572 /* NotificationManager.swift in Sources */ = {isa = PBXBuildFile; fileRef = 239E51F967C4BAE1AC887FA7 /* NotificationManager.swift */; };
		MENUBAR1BUILD2REF3456789 /* MenuBarManager.swift in Sources */ = {isa = PBXBuildFile; fileRef = MENUBAR1FILE2REF34567890 /* MenuBarManager.swift */; };
		8D223B278B7124516C306F99 /* ToolsManagerView.swift in Sources */ = {isa = PBXBuildFile; fileRef = 1417AA5DB02E56D98B1244D6 /* ToolsManagerView.swift */; };
		8F079E70A91046D5CB3232C7 /* ReviewStepView.swift in Sources */ = {isa = PBXBuildFile; fileRef = E05CA4B851E6802FF0FB44C1 /* ReviewStepView.swift */; };
		8F53215182DF75320F7EDE30 /* APIAuthenticationService.swift in Sources */ = {isa = PBXBuildFile; fileRef = F268593FF71C93A526EF9C4A /* APIAuthenticationService.swift */; };
		90CF461B7CEEDB020885F675 /* ConfigurationViewModel.swift in Sources */ = {isa = PBXBuildFile; fileRef = A9AA394521AB21957021D68C /* ConfigurationViewModel.swift */; };
		95EC1F239C139EB8AD746511 /* HealthMonitorView.swift in Sources */ = {isa = PBXBuildFile; fileRef = 03BBEBB4F842B201CC5DD9C2 /* HealthMonitorView.swift */; };
		976C45F6BE853A4A8A7AB306 /* ArtifactModel.swift in Sources */ = {isa = PBXBuildFile; fileRef = 1A8D2DA2580F8D242F523CA8 /* ArtifactModel.swift */; };
		9A64B3CF8B0A0E68FD7D19BF /* InstallerUITests.swift in Sources */ = {isa = PBXBuildFile; fileRef = CB79D32DEC9E7D9C9BFB8616 /* InstallerUITests.swift */; };
		9C298BB2A3C9FF81463A7DB7 /* ConfigurationExporter.swift in Sources */ = {isa = PBXBuildFile; fileRef = AAFDD5B5A13333D28FD30B1C /* ConfigurationExporter.swift */; };
		9CE998C53D2EB500A2AECC4A /* VelociraptorMacOSUITests.swift in Sources */ = {isa = PBXBuildFile; fileRef = 3E0208398CDAE5857499C7E6 /* VelociraptorMacOSUITests.swift */; };
		INTEGUITEST1BUILD2REF345 /* IntegrationsUITests.swift in Sources */ = {isa = PBXBuildFile; fileRef = INTEGUITEST1FILE2REF3456 /* IntegrationsUITests.swift */; };
		AICHATTEST1BUILD2REF3456 /* AIChatUITests.swift in Sources */ = {isa = PBXBuildFile; fileRef = AICHATTEST1FILE2REF34567 /* AIChatUITests.swift */; };
		BINLCUITEST1BUILD2REF345 /* BinaryLifecycleUITests.swift in Sources */ = {isa = PBXBuildFile; fileRef = BINLCUITEST1FILE2REF3456 /* BinaryLifecycleUITests.swift */; };
		EMGTCHBARUITEST1BUILD /* EmergencyTouchBarUITests.swift in Sources */ = {isa = PBXBuildFile; fileRef = EMGTCHBARUITEST1FILE /* EmergencyTouchBarUITests.swift */; };
		9EB899E25A6C51E7FB655E26 /* Localizable.strings in Resources */ = {isa = PBXBuildFile; fileRef = EC531391F0851D61F38FB879 /* Localizable.strings */; };
		A34D3F7C089031DB6B9E0D34 /* Logging in Frameworks */ = {isa = PBXBuildFile; productRef = 5A513212690F21CD202E939D /* Logging */; };
		A567A69032A8FD3D27D81A55 /* EmergencyModeUITests.swift in Sources */ = {isa = PBXBuildFile; fileRef = 561A5057EE100F4C21AF2BB0 /* EmergencyModeUITests.swift */; };
		EMGCOMPUIT1BUILD2REF345 /* EmergencyModeComprehensiveUITests.swift in Sources */ = {isa = PBXBuildFile; fileRef = EMGCOMPUIT1FILE2REF3456 /* EmergencyModeComprehensiveUITests.swift */; };
		A5731145DBC67D50D3A86484 /* APIAuthenticationServiceTests.swift in Sources */ = {isa = PBXBuildFile; fileRef = 96945F126AED0E91CF065EA3 /* APIAuthenticationServiceTests.swift */; };
		A79C99B069E909146A839478 /* ArtifactSearchService.swift in Sources */ = {isa = PBXBuildFile; fileRef = 02A26677F643090CD95CE562 /* ArtifactSearchService.swift */; };
		AB53032A3A0E175B2DDBA03A /* ReportsView.swift in Sources */ = {isa = PBXBuildFile; fileRef = 8C2BCE9A9EC0A0A00FE9B1F2 /* ReportsView.swift */; };
		B3EFB0DB8AF78C9F337873EA /* QAValidationTests.swift in Sources */ = {isa = PBXBuildFile; fileRef = 2B1181CFFF142DD53988955F /* QAValidationTests.swift */; };
		B57C05F3AA9686ACFABE9777 /* KeychainManager.swift in Sources */ = {isa = PBXBuildFile; fileRef = 19E04D595620BF7D22BAA061 /* KeychainManager.swift */; };
		BEFDA519E92A2AFA9794C9A6 /* CompleteStepView.swift in Sources */ = {isa = PBXBuildFile; fileRef = F841D1791097FC43E324B703 /* CompleteStepView.swift */; };
		C071932132AAB260B854791F /* IncidentResponseView.swift in Sources */ = {isa = PBXBuildFile; fileRef = 1DB2D589E4A3B1BC6FE9C42A /* IncidentResponseView.swift */; };
		C5E3990938C8688B3AE7AD48 /* ClientsView.swift in Sources */ = {isa = PBXBuildFile; fileRef = E75B46781F79E9AE000F43A2 /* ClientsView.swift */; };
		C8967626D5BFA9A14C5A8F00 /* StorageConfigurationStepView.swift in Sources */ = {isa = PBXBuildFile; fileRef = 75CE7912413993482DC0B46E /* StorageConfigurationStepView.swift */; };
		C9AFCA256085C0097064B903 /* ArtifactManagerView.swift in Sources */ = {isa = PBXBuildFile; fileRef = 6637391A44692E528B3EFF86 /* ArtifactManagerView.swift */; };
		C9F928627EE69CDF7E32E0C5 /* ConfigurationExporterTests.swift in Sources */ = {isa = PBXBuildFile; fileRef = E4AD71B1A802959F2EB123E1 /* ConfigurationExporterTests.swift */; };
		CAA9313B78C3BC670A7D8462 /* VelociraptorMacOSApp.swift in Sources */ = {isa = PBXBuildFile; fileRef = 1E62C09D4077D8B002EE6FD3 /* VelociraptorMacOSApp.swift */; };
		CD9CBB32FCBC43C4E57AE4DF /* AppState.swift in Sources */ = {isa = PBXBuildFile; fileRef = F1D84F989E7224E54EFC2DD7 /* AppState.swift */; };
		CF71928DE95E2D9C25D35B35 /* TimelineView.swift in Sources */ = {isa = PBXBuildFile; fileRef = B43E6A2A7063B5D2D3DB0B09 /* TimelineView.swift */; };
		CF9A96176DABAB4C0CA1213F /* DeploymentManagerTests.swift in Sources */ = {isa = PBXBuildFile; fileRef = 0BA5E6175F0EDAAF06084996 /* DeploymentManagerTests.swift */; };
		PORTLOCKTEST1BUILD2REF34 /* PortLockdownManagerTests.swift in Sources */ = {isa = PBXBuildFile; fileRef = PORTLOCKTEST1FILE2REF345 /* PortLockdownManagerTests.swift */; };
		D2C47A21301ED5F36C12870A /* ContentView.swift in Sources */ = {isa = PBXBuildFile; fileRef = F4ECB4ED28D51070647EC841 /* ContentView.swift */; };
		D5C1E3E4EA9AF21612B47627 /* IncidentResponseViewModel.swift in Sources */ = {isa = PBXBuildFile; fileRef = BB091C6BCC979771A540B8FF /* IncidentResponseViewModel.swift */; };
		D6ACBEE67309FDF990EC2702 /* IncidentResponseViewModelTests.swift in Sources */ = {isa = PBXBuildFile; fileRef = D775B40FF555FD60746640FF /* IncidentResponseViewModelTests.swift */; };
		D8BEC878EC0E52511614E2D1 /* VelociraptorBinaryBridge.swift in Sources */ = {isa = PBXBuildFile; fileRef = 91ABD7CBFF1F74A6CDC824A3 /* VelociraptorBinaryBridge.swift */; };
		DF8016A4B121C51EEE8F8554 /* APIModels.swift in Sources */ = {isa = PBXBuildFile; fileRef = 9B157F227D01A8C275388335 /* APIModels.swift */; };
		E92DEC22540FBB3F4E9A0E2F /* NetworkConfigurationStepView.swift in Sources */ = {isa = PBXBuildFile; fileRef = F9E80506E363B20873060DC3 /* NetworkConfigurationStepView.swift */; };
		F22868C202C6298BFD3449FA /* WelcomeStepView.swift in Sources */ = {isa = PBXBuildFile; fileRef = 04459E16E0A1282259CC153D /* WelcomeStepView.swift */; };
		F2CDA4DB99B038A5D7AFBFE5 /* VQLEditorView.swift in Sources */ = {isa = PBXBuildFile; fileRef = F908F2BBD10D13C4C46BC526 /* VQLEditorView.swift */; };
		F79A258B7D3CC7FCF0B938E7 /* AIConfigurationUITests.swift in Sources */ = {isa = PBXBuildFile; fileRef = 9D5C2E2FC1EFB210C5D3A8C9 /* AIConfigurationUITests.swift */; };
		FA5874A3E90E66C472C8D0FB /* SecuritySettingsStepView.swift in Sources */ = {isa = PBXBuildFile; fileRef = 67A48B240ECC3D2089144CA9 /* SecuritySettingsStepView.swift */; };
		FB156AB71E6797122496F0EF /* SettingsUITests.swift in Sources */ = {isa = PBXBuildFile; fileRef = E5323825C749D12A33DA06E6 /* SettingsUITests.swift */; };
		FB59A46DB86BC75366BAA0C9 /* API_CLIENT_INTEGRATION.md in Resources */ = {isa = PBXBuildFile; fileRef = 07CF7701CB50ACB53B1CAFBD /* API_CLIENT_INTEGRATION.md */; };
/* End PBXBuildFile section */

/* Begin PBXContainerItemProxy section */
		1AA98BD5569E3A8C718917E4 /* PBXContainerItemProxy */ = {
			isa = PBXContainerItemProxy;
			containerPortal = CE00F17CA88AA40B94C82D9A /* Project object */;
			proxyType = 1;
			remoteGlobalIDString = 3A4BE7589135DEC00541FCC8;
			remoteInfo = VelociraptorMacOS;
		};
		5F33BFB79EAEED1BCD9435BF /* PBXContainerItemProxy */ = {
			isa = PBXContainerItemProxy;
			containerPortal = CE00F17CA88AA40B94C82D9A /* Project object */;
			proxyType = 1;
			remoteGlobalIDString = 3A4BE7589135DEC00541FCC8;
			remoteInfo = VelociraptorMacOS;
		};
/* End PBXContainerItemProxy section */

/* Begin PBXFileReference section */
		02A26677F643090CD95CE562 /* ArtifactSearchService.swift */ = {isa = PBXFileReference; lastKnownFileType = sourcecode.swift; path = ArtifactSearchService.swift; sourceTree = "<group>"; };
		031F1C0A507714A6916EA97C /* CertificateSetupView.swift */ = {isa = PBXFileReference; lastKnownFileType = sourcecode.swift; path = CertificateSetupView.swift; sourceTree = "<group>"; };
		03BBEBB4F842B201CC5DD9C2 /* HealthMonitorView.swift */ = {isa = PBXFileReference; lastKnownFileType = sourcecode.swift; path = HealthMonitorView.swift; sourceTree = "<group>"; };
		04459E16E0A1282259CC153D /* WelcomeStepView.swift */ = {isa = PBXFileReference; lastKnownFileType = sourcecode.swift; path = WelcomeStepView.swift; sourceTree = "<group>"; };
		07CF7701CB50ACB53B1CAFBD /* API_CLIENT_INTEGRATION.md */ = {isa = PBXFileReference; lastKnownFileType = net.daringfireball.markdown; path = API_CLIENT_INTEGRATION.md; sourceTree = "<group>"; };
		0A7FA251A9AA047687359209 /* AccessibilityIdentifiers.swift */ = {isa = PBXFileReference; lastKnownFileType = sourcecode.swift; path = AccessibilityIdentifiers.swift; sourceTree = "<group>"; };
		0AB5F651192DAE1D3057B5ED /* EvidenceView.swift */ = {isa = PBXFileReference; lastKnownFileType = sourcecode.swift; path = EvidenceView.swift; sourceTree = "<group>"; };
		0BA5E6175F0EDAAF06084996 /* DeploymentManagerTests.swift */ = {isa = PBXFileReference; lastKnownFileType = sourcecode.swift; path = DeploymentManagerTests.swift; sourceTree = "<group>"; };
		PORTLOCKTEST1FILE2REF345 /* PortLockdownManagerTests.swift */ = {isa = PBXFileReference; lastKnownFileType = sourcecode.swift; path = PortLockdownManagerTests.swift; sourceTree = "<group>"; };
		1417AA5DB02E56D98B1244D6 /* ToolsManagerView.swift */ = {isa = PBXFileReference; lastKnownFileType = sourcecode.swift; path = ToolsManagerView.swift; sourceTree = "<group>"; };
		14D7C361F7D3DF7DF4B875B5 /* NotificationManagerTests.swift */ = {isa = PBXFileReference; lastKnownFileType = sourcecode.swift; path = NotificationManagerTests.swift; sourceTree = "<group>"; };
		173516B95E7451CA317987D6 /* en */ = {isa = PBXFileReference; lastKnownFileType = text.plist.strings; name = en; path = en.lproj/Localizable.strings; sourceTree = "<group>"; };
		19E04D595620BF7D22BAA061 /* KeychainManager.swift */ = {isa = PBXFileReference; lastKnownFileType = sourcecode.swift; path = KeychainManager.swift; sourceTree = "<group>"; };
		1A8D2DA2580F8D242F523CA8 /* ArtifactModel.swift */ = {isa = PBXFileReference; lastKnownFileType = sourcecode.swift; path = ArtifactModel.swift; sourceTree = "<group>"; };
		1CEF2263400676C5EC5CD65D /* Assets.xcassets */ = {isa = PBXFileReference; lastKnownFileType = folder.assetcatalog; path = Assets.xcassets; sourceTree = "<group>"; };
		1DB2D589E4A3B1BC6FE9C42A /* IncidentResponseView.swift */ = {isa = PBXFileReference; lastKnownFileType = sourcecode.swift; path = IncidentResponseView.swift; sourceTree = "<group>"; };
		1E62C09D4077D8B002EE6FD3 /* VelociraptorMacOSApp.swift */ = {isa = PBXFileReference; lastKnownFileType = sourcecode.swift; path = VelociraptorMacOSApp.swift; sourceTree = "<group>"; };
		208BF98DD5D4B60C36CF6D7D /* AuthenticationStepView.swift */ = {isa = PBXFileReference; lastKnownFileType = sourcecode.swift; path = AuthenticationStepView.swift; sourceTree = "<group>"; };
		239E51F967C4BAE1AC887FA7 /* NotificationManager.swift */ = {isa = PBXFileReference; lastKnownFileType = sourcecode.swift; path = NotificationManager.swift; sourceTree = "<group>"; };
		26B3831A6C564879767ECF12 /* MCPArtifactRecommender.swift */ = {isa = PBXFileReference; lastKnownFileType = sourcecode.swift; path = MCPArtifactRecommender.swift; sourceTree = "<group>"; };
		2B1181CFFF142DD53988955F /* QAValidationTests.swift */ = {isa = PBXFileReference; lastKnownFileType = sourcecode.swift; path = QAValidationTests.swift; sourceTree = "<group>"; };
		2C55AD74EFA48A6856821EF0 /* OfflineCollectorView.swift */ = {isa = PBXFileReference; lastKnownFileType = sourcecode.swift; path = OfflineCollectorView.swift; sourceTree = "<group>"; };
		2EC0E5886F2B181802FEB976 /* NotebooksView.swift */ = {isa = PBXFileReference; lastKnownFileType = sourcecode.swift; path = NotebooksView.swift; sourceTree = "<group>"; };
		3C2FFE04ACDEB059BB77CB96 /* VFSBrowserView.swift */ = {isa = PBXFileReference; lastKnownFileType = sourcecode.swift; path = VFSBrowserView.swift; sourceTree = "<group>"; };
		3D5503EEFDA721B39B04479E /* LoggerTests.swift */ = {isa = PBXFileReference; lastKnownFileType = sourcecode.swift; path = LoggerTests.swift; sourceTree = "<group>"; };
		3E0208398CDAE5857499C7E6 /* VelociraptorMacOSUITests.swift */ = {isa = PBXFileReference; lastKnownFileType = sourcecode.swift; path = VelociraptorMacOSUITests.swift; sourceTree = "<group>"; };
		INTEGUITEST1FILE2REF3456 /* IntegrationsUITests.swift */ = {isa = PBXFileReference; lastKnownFileType = sourcecode.swift; path = IntegrationsUITests.swift; sourceTree = "<group>"; };
		AICHATTEST1FILE2REF34567 /* AIChatUITests.swift */ = {isa = PBXFileReference; lastKnownFileType = sourcecode.swift; path = AIChatUITests.swift; sourceTree = "<group>"; };
		BINLCUITEST1FILE2REF3456 /* BinaryLifecycleUITests.swift */ = {isa = PBXFileReference; lastKnownFileType = sourcecode.swift; path = BinaryLifecycleUITests.swift; sourceTree = "<group>"; };
		EMGTCHBARUITEST1FILE /* EmergencyTouchBarUITests.swift */ = {isa = PBXFileReference; lastKnownFileType = sourcecode.swift; path = EmergencyTouchBarUITests.swift; sourceTree = "<group>"; };
		450EB1698C4C0B4F5CAC2EDD /* SettingsView.swift */ = {isa = PBXFileReference; lastKnownFileType = sourcecode.swift; path = SettingsView.swift; sourceTree = "<group>"; };
		INTSETTINGS1FILE2REFABC /* IntegrationsSettingsView.swift */ = {isa = PBXFileReference; lastKnownFileType = sourcecode.swift; path = IntegrationsSettingsView.swift; sourceTree = "<group>"; };
		OFFPKGBUILDER1FILEREF12 /* OfflinePackageBuilderView.swift */ = {isa = PBXFileReference; lastKnownFileType = sourcecode.swift; path = OfflinePackageBuilderView.swift; sourceTree = "<group>"; };
		458E9952DC284961E4050E77 /* HuntManagerView.swift */ = {isa = PBXFileReference; lastKnownFileType = sourcecode.swift; path = HuntManagerView.swift; sourceTree = "<group>"; };
		543827AF529761C8ED1CB9F9 /* PackageManagerView.swift */ = {isa = PBXFileReference; lastKnownFileType = sourcecode.swift; path = PackageManagerView.swift; sourceTree = "<group>"; };
		561A5057EE100F4C21AF2BB0 /* EmergencyModeUITests.swift */ = {isa = PBXFileReference; lastKnownFileType = sourcecode.swift; path = EmergencyModeUITests.swift; sourceTree = "<group>"; };
		EMGCOMPUIT1FILE2REF3456 /* EmergencyModeComprehensiveUITests.swift */ = {isa = PBXFileReference; lastKnownFileType = sourcecode.swift; path = EmergencyModeComprehensiveUITests.swift; sourceTree = "<group>"; };
		586B186DDF5B752EA698720D /* IntegrationsView.swift */ = {isa = PBXFileReference; lastKnownFileType = sourcecode.swift; path = IntegrationsView.swift; sourceTree = "<group>"; };
		5BC400D356EE7C3A5B543E46 /* VelociraptorAPIClientTests.swift */ = {isa = PBXFileReference; lastKnownFileType = sourcecode.swift; path = VelociraptorAPIClientTests.swift; sourceTree = "<group>"; };
		63C375AA22BF0D03870583C6 /* Strings.swift */ = {isa = PBXFileReference; lastKnownFileType = sourcecode.swift; path = Strings.swift; sourceTree = "<group>"; };
		6637391A44692E528B3EFF86 /* ArtifactManagerView.swift */ = {isa = PBXFileReference; lastKnownFileType = sourcecode.swift; path = ArtifactManagerView.swift; sourceTree = "<group>"; };
		67A48B240ECC3D2089144CA9 /* SecuritySettingsStepView.swift */ = {isa = PBXFileReference; lastKnownFileType = sourcecode.swift; path = SecuritySettingsStepView.swift; sourceTree = "<group>"; };
		6857A590EF24F66E5EDE1EAC /* VelociraptorMacOS.app */ = {isa = PBXFileReference; explicitFileType = wrapper.application; includeInIndex = 0; path = VelociraptorMacOS.app; sourceTree = BUILT_PRODUCTS_DIR; };
		6867269DF74A2A119F8930E1 /* HealthMonitorTests.swift */ = {isa = PBXFileReference; lastKnownFileType = sourcecode.swift; path = HealthMonitorTests.swift; sourceTree = "<group>"; };
		6D3E20B5CCE9F1CC39137324 /* TrainingView.swift */ = {isa = PBXFileReference; lastKnownFileType = sourcecode.swift; path = TrainingView.swift; sourceTree = "<group>"; };
		75CE7912413993482DC0B46E /* StorageConfigurationStepView.swift */ = {isa = PBXFileReference; lastKnownFileType = sourcecode.swift; path = StorageConfigurationStepView.swift; sourceTree = "<group>"; };
		7871F52BD2FC123D07C7ECD5 /* VelociraptorAPIClient.swift */ = {isa = PBXFileReference; lastKnownFileType = sourcecode.swift; path = VelociraptorAPIClient.swift; sourceTree = "<group>"; };
		7A301AC58F8A66E016A06E5A /* CertificateSettingsStepView.swift */ = {isa = PBXFileReference; lastKnownFileType = sourcecode.swift; path = CertificateSettingsStepView.swift; sourceTree = "<group>"; };
		88DC5559649214A431D99498 /* ArtifactManagerViewModel.swift */ = {isa = PBXFileReference; lastKnownFileType = sourcecode.swift; path = ArtifactManagerViewModel.swift; sourceTree = "<group>"; };
		88DE2584D118FB063A839EEE /* DeploymentTypeStepView.swift */ = {isa = PBXFileReference; lastKnownFileType = sourcecode.swift; path = DeploymentTypeStepView.swift; sourceTree = "<group>"; };
		8C2BCE9A9EC0A0A00FE9B1F2 /* ReportsView.swift */ = {isa = PBXFileReference; lastKnownFileType = sourcecode.swift; path = ReportsView.swift; sourceTree = "<group>"; };
		8DC628EB3789B9DAE2F6AD56 /* ConfigurationData.swift */ = {isa = PBXFileReference; lastKnownFileType = sourcecode.swift; path = ConfigurationData.swift; sourceTree = "<group>"; };
		INTEG1PROVIDERS2FILE3REF4 /* IntegrationProviders.swift */ = {isa = PBXFileReference; lastKnownFileType = sourcecode.swift; path = IntegrationProviders.swift; sourceTree = "<group>"; };
		EMRGCTRL1FILE2REF3456789 /* EmergencyController.swift */ = {isa = PBXFileReference; lastKnownFileType = sourcecode.swift; path = EmergencyController.swift; sourceTree = "<group>"; };
		AICHATVIEW1FILE2REF34567 /* AIChatView.swift */ = {isa = PBXFileReference; lastKnownFileType = sourcecode.swift; path = AIChatView.swift; sourceTree = "<group>"; };
		TERMVIEW1FILE2REF3456789 /* TerminalView.swift */ = {isa = PBXFileReference; lastKnownFileType = sourcecode.swift; path = TerminalView.swift; sourceTree = "<group>"; };
		BINLIFECYCLE1FILE2REF345 /* BinaryLifecycleView.swift */ = {isa = PBXFileReference; lastKnownFileType = sourcecode.swift; path = BinaryLifecycleView.swift; sourceTree = "<group>"; };
		CLAWBRAND1FILE2REF345678 /* ClawBrandingView.swift */ = {isa = PBXFileReference; lastKnownFileType = sourcecode.swift; path = ClawBrandingView.swift; sourceTree = "<group>"; };
		EMGTCHBAR1FILE2REF34567 /* EmergencyTouchBar.swift */ = {isa = PBXFileReference; lastKnownFileType = sourcecode.swift; path = EmergencyTouchBar.swift; sourceTree = "<group>"; };
		91ABD7CBFF1F74A6CDC824A3 /* VelociraptorBinaryBridge.swift */ = {isa = PBXFileReference; lastKnownFileType = sourcecode.swift; path = VelociraptorBinaryBridge.swift; sourceTree = "<group>"; };
		96945F126AED0E91CF065EA3 /* APIAuthenticationServiceTests.swift */ = {isa = PBXFileReference; lastKnownFileType = sourcecode.swift; path = APIAuthenticationServiceTests.swift; sourceTree = "<group>"; };
		9B157F227D01A8C275388335 /* APIModels.swift */ = {isa = PBXFileReference; lastKnownFileType = sourcecode.swift; path = APIModels.swift; sourceTree = "<group>"; };
		9D5C2E2FC1EFB210C5D3A8C9 /* AIConfigurationUITests.swift */ = {isa = PBXFileReference; lastKnownFileType = sourcecode.swift; path = AIConfigurationUITests.swift; sourceTree = "<group>"; };
		A1C7F355344D2F124DF1AE14 /* DashboardView.swift */ = {isa = PBXFileReference; lastKnownFileType = sourcecode.swift; path = DashboardView.swift; sourceTree = "<group>"; };
		A71557D1A4DC8040F69309F0 /* CertificateSetupViewModelTests.swift */ = {isa = PBXFileReference; lastKnownFileType = sourcecode.swift; path = CertificateSetupViewModelTests.swift; sourceTree = "<group>"; };
		A9AA394521AB21957021D68C /* ConfigurationViewModel.swift */ = {isa = PBXFileReference; lastKnownFileType = sourcecode.swift; path = ConfigurationViewModel.swift; sourceTree = "<group>"; };
		AAFDD5B5A13333D28FD30B1C /* ConfigurationExporter.swift */ = {isa = PBXFileReference; lastKnownFileType = sourcecode.swift; path = ConfigurationExporter.swift; sourceTree = "<group>"; };
		AB1CAEE8373E56AEFE435A47 /* ComprehensiveUITests.swift */ = {isa = PBXFileReference; lastKnownFileType = sourcecode.swift; path = ComprehensiveUITests.swift; sourceTree = "<group>"; };
		AB5167FD7B361ABA7A506B81 /* AppStateTests.swift */ = {isa = PBXFileReference; lastKnownFileType = sourcecode.swift; path = AppStateTests.swift; sourceTree = "<group>"; };
		B43E6A2A7063B5D2D3DB0B09 /* TimelineView.swift */ = {isa = PBXFileReference; lastKnownFileType = sourcecode.swift; path = TimelineView.swift; sourceTree = "<group>"; };
		BB091C6BCC979771A540B8FF /* IncidentResponseViewModel.swift */ = {isa = PBXFileReference; lastKnownFileType = sourcecode.swift; path = IncidentResponseViewModel.swift; sourceTree = "<group>"; };
		BCC0A20AF836F5D6289CFCDF /* Logger.swift */ = {isa = PBXFileReference; lastKnownFileType = sourcecode.swift; path = Logger.swift; sourceTree = "<group>"; };
		C443D6F5BBEC2887910EFFFE /* APIModelsTests.swift */ = {isa = PBXFileReference; lastKnownFileType = sourcecode.swift; path = APIModelsTests.swift; sourceTree = "<group>"; };
		CB79D32DEC9E7D9C9BFB8616 /* InstallerUITests.swift */ = {isa = PBXFileReference; lastKnownFileType = sourcecode.swift; path = InstallerUITests.swift; sourceTree = "<group>"; };
		CD0038C5D437C407CC65F5FF /* TestAccessibilityIdentifiers.swift */ = {isa = PBXFileReference; lastKnownFileType = sourcecode.swift; path = TestAccessibilityIdentifiers.swift; sourceTree = "<group>"; };
		CF67C0BFC770D3FF403C2D63 /* VelociraptorMacOSUITests.xctest */ = {isa = PBXFileReference; explicitFileType = wrapper.cfbundle; includeInIndex = 0; path = VelociraptorMacOSUITests.xctest; sourceTree = BUILT_PRODUCTS_DIR; };
		D2F2F5BA2146A94254CADAF8 /* ConfigurationDataTests.swift */ = {isa = PBXFileReference; lastKnownFileType = sourcecode.swift; path = ConfigurationDataTests.swift; sourceTree = "<group>"; };
		D38885428786174B911A279B /* ConfigurationWizardUITests.swift */ = {isa = PBXFileReference; lastKnownFileType = sourcecode.swift; path = ConfigurationWizardUITests.swift; sourceTree = "<group>"; };
		D7624931EADFBEDFBDCF66B5 /* AIConfigurationStepView.swift */ = {isa = PBXFileReference; lastKnownFileType = sourcecode.swift; path = AIConfigurationStepView.swift; sourceTree = "<group>"; };
		MDM1CONFIG2STEP3VIEW4REF5 /* MDMConfigurationStepView.swift */ = {isa = PBXFileReference; lastKnownFileType = sourcecode.swift; path = MDMConfigurationStepView.swift; sourceTree = "<group>"; };
		D775B40FF555FD60746640FF /* IncidentResponseViewModelTests.swift */ = {isa = PBXFileReference; lastKnownFileType = sourcecode.swift; path = IncidentResponseViewModelTests.swift; sourceTree = "<group>"; };
		E05CA4B851E6802FF0FB44C1 /* ReviewStepView.swift */ = {isa = PBXFileReference; lastKnownFileType = sourcecode.swift; path = ReviewStepView.swift; sourceTree = "<group>"; };
		E22730B810FBC8371C91779E /* IncidentResponseUITests.swift */ = {isa = PBXFileReference; lastKnownFileType = sourcecode.swift; path = IncidentResponseUITests.swift; sourceTree = "<group>"; };
		E4AD71B1A802959F2EB123E1 /* ConfigurationExporterTests.swift */ = {isa = PBXFileReference; lastKnownFileType = sourcecode.swift; path = ConfigurationExporterTests.swift; sourceTree = "<group>"; };
		E5323825C749D12A33DA06E6 /* SettingsUITests.swift */ = {isa = PBXFileReference; lastKnownFileType = sourcecode.swift; path = SettingsUITests.swift; sourceTree = "<group>"; };
		E688C6FC0054A3D8A243CF3C /* VelociraptorBinaryBridgeTests.swift */ = {isa = PBXFileReference; lastKnownFileType = sourcecode.swift; path = VelociraptorBinaryBridgeTests.swift; sourceTree = "<group>"; };
		E75B46781F79E9AE000F43A2 /* ClientsView.swift */ = {isa = PBXFileReference; lastKnownFileType = sourcecode.swift; path = ClientsView.swift; sourceTree = "<group>"; };
		E789986EE9660BAA5AB15F01 /* SIEMIntegrationsView.swift */ = {isa = PBXFileReference; lastKnownFileType = sourcecode.swift; path = SIEMIntegrationsView.swift; sourceTree = "<group>"; };
		EB018EB2C2501475E3DFC112 /* EmergencyModeView.swift */ = {isa = PBXFileReference; lastKnownFileType = sourcecode.swift; path = EmergencyModeView.swift; sourceTree = "<group>"; };
		EMGLOCKDOWN1FILE2REF345 /* EmergencyLockdownView.swift */ = {isa = PBXFileReference; lastKnownFileType = sourcecode.swift; path = EmergencyLockdownView.swift; sourceTree = "<group>"; };
		PORTLOCK1FILE2REF3456789 /* PortLockdownManager.swift */ = {isa = PBXFileReference; lastKnownFileType = sourcecode.swift; path = PortLockdownManager.swift; sourceTree = "<group>"; };
		F05D2E192C8F6AC66A81A79E /* WizardUITests.swift */ = {isa = PBXFileReference; lastKnownFileType = sourcecode.swift; path = WizardUITests.swift; sourceTree = "<group>"; };
		F1D84F989E7224E54EFC2DD7 /* AppState.swift */ = {isa = PBXFileReference; lastKnownFileType = sourcecode.swift; path = AppState.swift; sourceTree = "<group>"; };
		F268593FF71C93A526EF9C4A /* APIAuthenticationService.swift */ = {isa = PBXFileReference; lastKnownFileType = sourcecode.swift; path = APIAuthenticationService.swift; sourceTree = "<group>"; };
		F3500A95CDCCBA7B9D6912D5 /* Info.plist */ = {isa = PBXFileReference; lastKnownFileType = text.plist; path = Info.plist; sourceTree = "<group>"; };
		F38014CE37ACAF2C32497903 /* WebSocketService.swift */ = {isa = PBXFileReference; lastKnownFileType = sourcecode.swift; path = WebSocketService.swift; sourceTree = "<group>"; };
		F3E1D4B8F546C2B2599C5494 /* OrchestrationView.swift */ = {isa = PBXFileReference; lastKnownFileType = sourcecode.swift; path = OrchestrationView.swift; sourceTree = "<group>"; };
		F4ECB4ED28D51070647EC841 /* ContentView.swift */ = {isa = PBXFileReference; lastKnownFileType = sourcecode.swift; path = ContentView.swift; sourceTree = "<group>"; };
		F580CE94011233319BE9ED0A /* KeychainManagerTests.swift */ = {isa = PBXFileReference; lastKnownFileType = sourcecode.swift; path = KeychainManagerTests.swift; sourceTree = "<group>"; };
		F841D1791097FC43E324B703 /* CompleteStepView.swift */ = {isa = PBXFileReference; lastKnownFileType = sourcecode.swift; path = CompleteStepView.swift; sourceTree = "<group>"; };
		F908F2BBD10D13C4C46BC526 /* VQLEditorView.swift */ = {isa = PBXFileReference; lastKnownFileType = sourcecode.swift; path = VQLEditorView.swift; sourceTree = "<group>"; };
		F9E80506E363B20873060DC3 /* NetworkConfigurationStepView.swift */ = {isa = PBXFileReference; lastKnownFileType = sourcecode.swift; path = NetworkConfigurationStepView.swift; sourceTree = "<group>"; };
		FA399B43261032A3E81514E6 /* VelociraptorMacOSTests.xctest */ = {isa = PBXFileReference; explicitFileType = wrapper.cfbundle; includeInIndex = 0; path = VelociraptorMacOSTests.xctest; sourceTree = BUILT_PRODUCTS_DIR; };
		FBE38670AA0811FFD6B67F1E /* LogsView.swift */ = {isa = PBXFileReference; lastKnownFileType = sourcecode.swift; path = LogsView.swift; sourceTree = "<group>"; };
		LABELS1FILE2REF3456789012 /* LabelsView.swift */ = {isa = PBXFileReference; lastKnownFileType = sourcecode.swift; path = LabelsView.swift; sourceTree = "<group>"; };
		FC6FA9C721B2A993DCCC3702 /* DeploymentManager.swift */ = {isa = PBXFileReference; lastKnownFileType = sourcecode.swift; path = DeploymentManager.swift; sourceTree = "<group>"; };
/* End PBXFileReference section */

/* Begin PBXFrameworksBuildPhase section */
		3C38EA4B5878B0AED29B48CF /* Frameworks */ = {
			isa = PBXFrameworksBuildPhase;
			buildActionMask = 2147483647;
			files = (
				A34D3F7C089031DB6B9E0D34 /* Logging in Frameworks */,
			);
			runOnlyForDeploymentPostprocessing = 0;
		};
/* End PBXFrameworksBuildPhase section */

/* Begin PBXGroup section */
		03C7FB3BA216CEC63DBF345E /* Services */ = {
			isa = PBXGroup;
			children = (
				07CF7701CB50ACB53B1CAFBD /* API_CLIENT_INTEGRATION.md */,
				F268593FF71C93A526EF9C4A /* APIAuthenticationService.swift */,
				02A26677F643090CD95CE562 /* ArtifactSearchService.swift */,
				FC6FA9C721B2A993DCCC3702 /* DeploymentManager.swift */,
				19E04D595620BF7D22BAA061 /* KeychainManager.swift */,
				26B3831A6C564879767ECF12 /* MCPArtifactRecommender.swift */,
				MENUBAR1FILE2REF34567890 /* MenuBarManager.swift */,
				239E51F967C4BAE1AC887FA7 /* NotificationManager.swift */,
				7871F52BD2FC123D07C7ECD5 /* VelociraptorAPIClient.swift */,
				91ABD7CBFF1F74A6CDC824A3 /* VelociraptorBinaryBridge.swift */,
				F38014CE37ACAF2C32497903 /* WebSocketService.swift */,
				PORTLOCK1FILE2REF3456789 /* PortLockdownManager.swift */,
			);
			path = Services;
			sourceTree = "<group>";
		};
		247103629CFEA9770BE388E8 /* VelociraptorMacOS */ = {
			isa = PBXGroup;
			children = (
				EFC816BA594296139930361F /* Models */,
				CFF2A9FE06E483E0FD92EB41 /* Resources */,
				03C7FB3BA216CEC63DBF345E /* Services */,
				7D98FC31129D9882C13B3724 /* Utilities */,
				E04B9DA11781899F24DC8962 /* ViewModels */,
				EF0ACC8B9A0ACDE4D976EF26 /* Views */,
				F3500A95CDCCBA7B9D6912D5 /* Info.plist */,
				1E62C09D4077D8B002EE6FD3 /* VelociraptorMacOSApp.swift */,
			);
			path = VelociraptorMacOS;
			sourceTree = "<group>";
		};
		31583D8AD50E79AC9C03739A /* VelociraptorMacOSUITests */ = {
			isa = PBXGroup;
			children = (
				9D5C2E2FC1EFB210C5D3A8C9 /* AIConfigurationUITests.swift */,
				AB1CAEE8373E56AEFE435A47 /* ComprehensiveUITests.swift */,
				D38885428786174B911A279B /* ConfigurationWizardUITests.swift */,
				561A5057EE100F4C21AF2BB0 /* EmergencyModeUITests.swift */,
				EMGCOMPUIT1FILE2REF3456 /* EmergencyModeComprehensiveUITests.swift */,
				E22730B810FBC8371C91779E /* IncidentResponseUITests.swift */,
				CB79D32DEC9E7D9C9BFB8616 /* InstallerUITests.swift */,
				E5323825C749D12A33DA06E6 /* SettingsUITests.swift */,
				CD0038C5D437C407CC65F5FF /* TestAccessibilityIdentifiers.swift */,
				3E0208398CDAE5857499C7E6 /* VelociraptorMacOSUITests.swift */,
				INTEGUITEST1FILE2REF3456 /* IntegrationsUITests.swift */,
				AICHATTEST1FILE2REF34567 /* AIChatUITests.swift */,
				BINLCUITEST1FILE2REF3456 /* BinaryLifecycleUITests.swift */,
				EMGTCHBARUITEST1FILE /* EmergencyTouchBarUITests.swift */,
				F05D2E192C8F6AC66A81A79E /* WizardUITests.swift */,
			);
			path = VelociraptorMacOSUITests;
			sourceTree = "<group>";
		};
		404D8FF5AD8CCEBBC311A610 = {
			isa = PBXGroup;
			children = (
				247103629CFEA9770BE388E8 /* VelociraptorMacOS */,
				D15CE1C79729BA3152C02C1A /* VelociraptorMacOSTests */,
				31583D8AD50E79AC9C03739A /* VelociraptorMacOSUITests */,
				B8FF892DF284B23C25BC6C55 /* Products */,
			);
			sourceTree = "<group>";
		};
		4B822B14584D0CF3D4144C4C /* IncidentResponse */ = {
			isa = PBXGroup;
			children = (
				1DB2D589E4A3B1BC6FE9C42A /* IncidentResponseView.swift */,
			);
			path = IncidentResponse;
			sourceTree = "<group>";
		};
		7736B5C538A2FEAADE99BF25 /* Steps */ = {
			isa = PBXGroup;
			children = (
				D7624931EADFBEDFBDCF66B5 /* AIConfigurationStepView.swift */,
				MDM1CONFIG2STEP3VIEW4REF5 /* MDMConfigurationStepView.swift */,
				208BF98DD5D4B60C36CF6D7D /* AuthenticationStepView.swift */,
				7A301AC58F8A66E016A06E5A /* CertificateSettingsStepView.swift */,
				F841D1791097FC43E324B703 /* CompleteStepView.swift */,
				88DE2584D118FB063A839EEE /* DeploymentTypeStepView.swift */,
				F9E80506E363B20873060DC3 /* NetworkConfigurationStepView.swift */,
				E05CA4B851E6802FF0FB44C1 /* ReviewStepView.swift */,
				67A48B240ECC3D2089144CA9 /* SecuritySettingsStepView.swift */,
				75CE7912413993482DC0B46E /* StorageConfigurationStepView.swift */,
				04459E16E0A1282259CC153D /* WelcomeStepView.swift */,
			);
			path = Steps;
			sourceTree = "<group>";
		};
		7D98FC31129D9882C13B3724 /* Utilities */ = {
			isa = PBXGroup;
			children = (
				0A7FA251A9AA047687359209 /* AccessibilityIdentifiers.swift */,
				AAFDD5B5A13333D28FD30B1C /* ConfigurationExporter.swift */,
				BCC0A20AF836F5D6289CFCDF /* Logger.swift */,
				63C375AA22BF0D03870583C6 /* Strings.swift */,
			);
			path = Utilities;
			sourceTree = "<group>";
		};
		B8FF892DF284B23C25BC6C55 /* Products */ = {
			isa = PBXGroup;
			children = (
				6857A590EF24F66E5EDE1EAC /* VelociraptorMacOS.app */,
				FA399B43261032A3E81514E6 /* VelociraptorMacOSTests.xctest */,
				CF67C0BFC770D3FF403C2D63 /* VelociraptorMacOSUITests.xctest */,
			);
			name = Products;
			sourceTree = "<group>";
		};
		CFF2A9FE06E483E0FD92EB41 /* Resources */ = {
			isa = PBXGroup;
			children = (
				1CEF2263400676C5EC5CD65D /* Assets.xcassets */,
				EC531391F0851D61F38FB879 /* Localizable.strings */,
			);
			path = Resources;
			sourceTree = "<group>";
		};
		D15CE1C79729BA3152C02C1A /* VelociraptorMacOSTests */ = {
			isa = PBXGroup;
			children = (
				96945F126AED0E91CF065EA3 /* APIAuthenticationServiceTests.swift */,
				C443D6F5BBEC2887910EFFFE /* APIModelsTests.swift */,
				AB5167FD7B361ABA7A506B81 /* AppStateTests.swift */,
				A71557D1A4DC8040F69309F0 /* CertificateSetupViewModelTests.swift */,
				D2F2F5BA2146A94254CADAF8 /* ConfigurationDataTests.swift */,
				E4AD71B1A802959F2EB123E1 /* ConfigurationExporterTests.swift */,
				0BA5E6175F0EDAAF06084996 /* DeploymentManagerTests.swift */,
				PORTLOCKTEST1FILE2REF345 /* PortLockdownManagerTests.swift */,
				6867269DF74A2A119F8930E1 /* HealthMonitorTests.swift */,
				D775B40FF555FD60746640FF /* IncidentResponseViewModelTests.swift */,
				F580CE94011233319BE9ED0A /* KeychainManagerTests.swift */,
				3D5503EEFDA721B39B04479E /* LoggerTests.swift */,
				14D7C361F7D3DF7DF4B875B5 /* NotificationManagerTests.swift */,
				2B1181CFFF142DD53988955F /* QAValidationTests.swift */,
				5BC400D356EE7C3A5B543E46 /* VelociraptorAPIClientTests.swift */,
				E688C6FC0054A3D8A243CF3C /* VelociraptorBinaryBridgeTests.swift */,
			);
			path = VelociraptorMacOSTests;
			sourceTree = "<group>";
		};
		E04B9DA11781899F24DC8962 /* ViewModels */ = {
			isa = PBXGroup;
			children = (
				88DC5559649214A431D99498 /* ArtifactManagerViewModel.swift */,
			);
			path = ViewModels;
			sourceTree = "<group>";
		};
		EF0ACC8B9A0ACDE4D976EF26 /* Views */ = {
			isa = PBXGroup;
			children = (
				4B822B14584D0CF3D4144C4C /* IncidentResponse */,
				7736B5C538A2FEAADE99BF25 /* Steps */,
				6637391A44692E528B3EFF86 /* ArtifactManagerView.swift */,
				031F1C0A507714A6916EA97C /* CertificateSetupView.swift */,
				E75B46781F79E9AE000F43A2 /* ClientsView.swift */,
				F4ECB4ED28D51070647EC841 /* ContentView.swift */,
				A1C7F355344D2F124DF1AE14 /* DashboardView.swift */,
				EB018EB2C2501475E3DFC112 /* EmergencyModeView.swift */,
				EMGLOCKDOWN1FILE2REF345 /* EmergencyLockdownView.swift */,
				0AB5F651192DAE1D3057B5ED /* EvidenceView.swift */,
				03BBEBB4F842B201CC5DD9C2 /* HealthMonitorView.swift */,
				458E9952DC284961E4050E77 /* HuntManagerView.swift */,
				586B186DDF5B752EA698720D /* IntegrationsView.swift */,
				LABELS1FILE2REF3456789012 /* LabelsView.swift */,
				FBE38670AA0811FFD6B67F1E /* LogsView.swift */,
				2EC0E5886F2B181802FEB976 /* NotebooksView.swift */,
				2C55AD74EFA48A6856821EF0 /* OfflineCollectorView.swift */,
				F3E1D4B8F546C2B2599C5494 /* OrchestrationView.swift */,
				543827AF529761C8ED1CB9F9 /* PackageManagerView.swift */,
				8C2BCE9A9EC0A0A00FE9B1F2 /* ReportsView.swift */,
				450EB1698C4C0B4F5CAC2EDD /* SettingsView.swift */,
				INTSETTINGS1FILE2REFABC /* IntegrationsSettingsView.swift */,
				OFFPKGBUILDER1FILEREF12 /* OfflinePackageBuilderView.swift */,
				AICHATVIEW1FILE2REF34567 /* AIChatView.swift */,
				TERMVIEW1FILE2REF3456789 /* TerminalView.swift */,
				BINLIFECYCLE1FILE2REF345 /* BinaryLifecycleView.swift */,
				CLAWBRAND1FILE2REF345678 /* ClawBrandingView.swift */,
				EMGTCHBAR1FILE2REF34567 /* EmergencyTouchBar.swift */,
				E789986EE9660BAA5AB15F01 /* SIEMIntegrationsView.swift */,
				B43E6A2A7063B5D2D3DB0B09 /* TimelineView.swift */,
				1417AA5DB02E56D98B1244D6 /* ToolsManagerView.swift */,
				6D3E20B5CCE9F1CC39137324 /* TrainingView.swift */,
				3C2FFE04ACDEB059BB77CB96 /* VFSBrowserView.swift */,
				F908F2BBD10D13C4C46BC526 /* VQLEditorView.swift */,
			);
			path = Views;
			sourceTree = "<group>";
		};
		EFC816BA594296139930361F /* Models */ = {
			isa = PBXGroup;
			children = (
				9B157F227D01A8C275388335 /* APIModels.swift */,
				F1D84F989E7224E54EFC2DD7 /* AppState.swift */,
				1A8D2DA2580F8D242F523CA8 /* ArtifactModel.swift */,
				8DC628EB3789B9DAE2F6AD56 /* ConfigurationData.swift */,
				INTEG1PROVIDERS2FILE3REF4 /* IntegrationProviders.swift */,
				EMRGCTRL1FILE2REF3456789 /* EmergencyController.swift */,
				EMGPHASE1FILE2REF345678 /* EmergencyPhase.swift */,
				EMGMODEVM1FILE2REF34567 /* EmergencyModeViewModel.swift */,
				A9AA394521AB21957021D68C /* ConfigurationViewModel.swift */,
				BB091C6BCC979771A540B8FF /* IncidentResponseViewModel.swift */,
			);
			path = Models;
			sourceTree = "<group>";
		};
/* End PBXGroup section */

/* Begin PBXNativeTarget section */
		128B3D7F818CE47FB3350273 /* VelociraptorMacOSTests */ = {
			isa = PBXNativeTarget;
			buildConfigurationList = 7645E4FB3E950AD475D2F6DB /* Build configuration list for PBXNativeTarget "VelociraptorMacOSTests" */;
			buildPhases = (
				EFDB5D0E09B85F34175CBA99 /* Sources */,
			);
			buildRules = (
			);
			dependencies = (
				30097AD6B94B3D9C789C462E /* PBXTargetDependency */,
			);
			name = VelociraptorMacOSTests;
			packageProductDependencies = (
			);
			productName = VelociraptorMacOSTests;
			productReference = FA399B43261032A3E81514E6 /* VelociraptorMacOSTests.xctest */;
			productType = "com.apple.product-type.bundle.unit-test";
		};
		3A4BE7589135DEC00541FCC8 /* VelociraptorMacOS */ = {
			isa = PBXNativeTarget;
			buildConfigurationList = B358C3788EE99E65BE2DEDA9 /* Build configuration list for PBXNativeTarget "VelociraptorMacOS" */;
			buildPhases = (
				97D478A525E24B23D27A5931 /* SwiftLint */,
				40AA600ADCABA5A7057BAC68 /* Sources */,
				FDB1D2CE566AADB692855C61 /* Resources */,
				3C38EA4B5878B0AED29B48CF /* Frameworks */,
			);
			buildRules = (
			);
			dependencies = (
			);
			name = VelociraptorMacOS;
			packageProductDependencies = (
				5A513212690F21CD202E939D /* Logging */,
			);
			productName = VelociraptorMacOS;
			productReference = 6857A590EF24F66E5EDE1EAC /* VelociraptorMacOS.app */;
			productType = "com.apple.product-type.application";
		};
		3EBD0F058BDD3D1AF575CB88 /* VelociraptorMacOSUITests */ = {
			isa = PBXNativeTarget;
			buildConfigurationList = EDC4666CDEBB645C8D4A0185 /* Build configuration list for PBXNativeTarget "VelociraptorMacOSUITests" */;
			buildPhases = (
				C0932C823CB812D1D4800CA6 /* Sources */,
			);
			buildRules = (
			);
			dependencies = (
				1C9D4708D1FC5A8FEED92A02 /* PBXTargetDependency */,
			);
			name = VelociraptorMacOSUITests;
			packageProductDependencies = (
			);
			productName = VelociraptorMacOSUITests;
			productReference = CF67C0BFC770D3FF403C2D63 /* VelociraptorMacOSUITests.xctest */;
			productType = "com.apple.product-type.bundle.ui-testing";
		};
/* End PBXNativeTarget section */

/* Begin PBXProject section */
		CE00F17CA88AA40B94C82D9A /* Project object */ = {
			isa = PBXProject;
			attributes = {
				BuildIndependentTargetsInParallel = YES;
				LastUpgradeCheck = 1500;
				TargetAttributes = {
					128B3D7F818CE47FB3350273 = {
						DevelopmentTeam = "";
						ProvisioningStyle = Manual;
					};
					3A4BE7589135DEC00541FCC8 = {
						DevelopmentTeam = "";
						ProvisioningStyle = Manual;
					};
					3EBD0F058BDD3D1AF575CB88 = {
						DevelopmentTeam = "";
						ProvisioningStyle = Manual;
						TestTargetID = 3A4BE7589135DEC00541FCC8;
					};
				};
			};
			buildConfigurationList = 41C3641C0AD72447238560BF /* Build configuration list for PBXProject "VelociraptorMacOS" */;
			compatibilityVersion = "Xcode 14.0";
			developmentRegion = en;
			hasScannedForEncodings = 0;
			knownRegions = (
				Base,
				en,
			);
			mainGroup = 404D8FF5AD8CCEBBC311A610;
			minimizedProjectReferenceProxies = 1;
			packageReferences = (
				5752E27104BE366AF025C6A5 /* XCRemoteSwiftPackageReference "swift-sdk" */,
				607AB4ECFE4E8F0847DBF9F6 /* XCRemoteSwiftPackageReference "swift-log" */,
			);
			preferredProjectObjectVersion = 77;
			projectDirPath = "";
			projectRoot = "";
			targets = (
				3A4BE7589135DEC00541FCC8 /* VelociraptorMacOS */,
				128B3D7F818CE47FB3350273 /* VelociraptorMacOSTests */,
				3EBD0F058BDD3D1AF575CB88 /* VelociraptorMacOSUITests */,
			);
		};
/* End PBXProject section */

/* Begin PBXResourcesBuildPhase section */
		FDB1D2CE566AADB692855C61 /* Resources */ = {
			isa = PBXResourcesBuildPhase;
			buildActionMask = 2147483647;
			files = (
				FB59A46DB86BC75366BAA0C9 /* API_CLIENT_INTEGRATION.md in Resources */,
				2858209086E735101C41E49F /* Assets.xcassets in Resources */,
				9EB899E25A6C51E7FB655E26 /* Localizable.strings in Resources */,
			);
			runOnlyForDeploymentPostprocessing = 0;
		};
/* End PBXResourcesBuildPhase section */

/* Begin PBXShellScriptBuildPhase section */
		97D478A525E24B23D27A5931 /* SwiftLint */ = {
			isa = PBXShellScriptBuildPhase;
			alwaysOutOfDate = 1;
			buildActionMask = 2147483647;
			files = (
			);
			inputFileListPaths = (
			);
			inputPaths = (
			);
			name = SwiftLint;
			outputFileListPaths = (
			);
			outputPaths = (
			);
			runOnlyForDeploymentPostprocessing = 0;
			shellPath = /bin/sh;
			shellScript = "if which swiftlint > /dev/null; then\n  swiftlint\nelse\n  echo \"warning: SwiftLint not installed, download from https://github.com/realm/SwiftLint\"\nfi\n";
		};
/* End PBXShellScriptBuildPhase section */

/* Begin PBXSourcesBuildPhase section */
		40AA600ADCABA5A7057BAC68 /* Sources */ = {
			isa = PBXSourcesBuildPhase;
			buildActionMask = 2147483647;
			files = (
				49BDEBA93E0B98A261B421CF /* AIConfigurationStepView.swift in Sources */,
				MDM1CONFIG2STEP3VIEW4BULD /* MDMConfigurationStepView.swift in Sources */,
				8F53215182DF75320F7EDE30 /* APIAuthenticationService.swift in Sources */,
				DF8016A4B121C51EEE8F8554 /* APIModels.swift in Sources */,
				25D23BD9F35D28CDC318C427 /* AccessibilityIdentifiers.swift in Sources */,
				CD9CBB32FCBC43C4E57AE4DF /* AppState.swift in Sources */,
				C9AFCA256085C0097064B903 /* ArtifactManagerView.swift in Sources */,
				1977077BA5068ED85258E9C0 /* ArtifactManagerViewModel.swift in Sources */,
				976C45F6BE853A4A8A7AB306 /* ArtifactModel.swift in Sources */,
				A79C99B069E909146A839478 /* ArtifactSearchService.swift in Sources */,
				40F27FCF25529EFAB46A70C6 /* AuthenticationStepView.swift in Sources */,
				5BC7ED0C84A2FBB648E00590 /* CertificateSettingsStepView.swift in Sources */,
				68EFB55B1C961214B3DD3550 /* CertificateSetupView.swift in Sources */,
				C5E3990938C8688B3AE7AD48 /* ClientsView.swift in Sources */,
				BEFDA519E92A2AFA9794C9A6 /* CompleteStepView.swift in Sources */,
				043B770147FC1D032EE7EED0 /* ConfigurationData.swift in Sources */,
				INTEG1PROVIDERS2BUILD3REF /* IntegrationProviders.swift in Sources */,
				EMRGCTRL1BUILD2REF345678 /* EmergencyController.swift in Sources */,
				PORTLOCK1BUILD2REF345678 /* PortLockdownManager.swift in Sources */,
				AICHATVIEW1BUILD2REF3456 /* AIChatView.swift in Sources */,
				TERMVIEW1BUILD2REF345678 /* TerminalView.swift in Sources */,
				BINLIFECYCLE1BUILD2REF34 /* BinaryLifecycleView.swift in Sources */,
				CLAWBRAND1BUILD2REF34567 /* ClawBrandingView.swift in Sources */,
				EMGTCHBAR1BUILD2REF3456 /* EmergencyTouchBar.swift in Sources */,
				9C298BB2A3C9FF81463A7DB7 /* ConfigurationExporter.swift in Sources */,
				90CF461B7CEEDB020885F675 /* ConfigurationViewModel.swift in Sources */,
				D2C47A21301ED5F36C12870A /* ContentView.swift in Sources */,
				194BCB199D356DE71F1E1A1F /* DashboardView.swift in Sources */,
				01068FF3BFF4EFFD26E3DA75 /* DeploymentManager.swift in Sources */,
				6DF794672E58C57F3FF3E7A1 /* DeploymentTypeStepView.swift in Sources */,
				7122D321505A780028A9D2DC /* EmergencyModeView.swift in Sources */,
				EMGLOCKDOWN1BUILD2REF34 /* EmergencyLockdownView.swift in Sources */,
				876C9A8633F8FE093CE90497 /* EvidenceView.swift in Sources */,
				95EC1F239C139EB8AD746511 /* HealthMonitorView.swift in Sources */,
				58AD0A489C8D0A8FA34A8E3D /* HuntManagerView.swift in Sources */,
				C071932132AAB260B854791F /* IncidentResponseView.swift in Sources */,
				D5C1E3E4EA9AF21612B47627 /* IncidentResponseViewModel.swift in Sources */,
				56D07E97686B9DEF004B68E7 /* IntegrationsView.swift in Sources */,
				B57C05F3AA9686ACFABE9777 /* KeychainManager.swift in Sources */,
				749CE8D84F2DF5B49ED70060 /* Logger.swift in Sources */,
				LABELS1BUILD2REF345678901 /* LabelsView.swift in Sources */,
				1AB46FDE37893482755F75ED /* LogsView.swift in Sources */,
				61799688D7252FA19AA05C23 /* MCPArtifactRecommender.swift in Sources */,
				E92DEC22540FBB3F4E9A0E2F /* NetworkConfigurationStepView.swift in Sources */,
				5B4A826DDF14477752F1CFC2 /* NotebooksView.swift in Sources */,
				8C55FCA99B40677745C09572 /* NotificationManager.swift in Sources */,
				MENUBAR1BUILD2REF3456789 /* MenuBarManager.swift in Sources */,
				53BF4E036BC5513E01C43568 /* OfflineCollectorView.swift in Sources */,
				25504F2C5642B7233C2844E5 /* OrchestrationView.swift in Sources */,
				0FFC585E14A27D778AFE0ABE /* PackageManagerView.swift in Sources */,
				AB53032A3A0E175B2DDBA03A /* ReportsView.swift in Sources */,
				8F079E70A91046D5CB3232C7 /* ReviewStepView.swift in Sources */,
				8B0412BBE4B6E288AA1A77B3 /* SIEMIntegrationsView.swift in Sources */,
				FA5874A3E90E66C472C8D0FB /* SecuritySettingsStepView.swift in Sources */,
				229B9163F02D66EDA2025547 /* SettingsView.swift in Sources */,
				INTSETTINGS1BUILD2REF3456 /* IntegrationsSettingsView.swift in Sources */,
				OFFPKGBUILDER1BUILDREF12 /* OfflinePackageBuilderView.swift in Sources */,
				C8967626D5BFA9A14C5A8F00 /* StorageConfigurationStepView.swift in Sources */,
				2E0568D1E609759D2E2A6506 /* Strings.swift in Sources */,
				CF71928DE95E2D9C25D35B35 /* TimelineView.swift in Sources */,
				8D223B278B7124516C306F99 /* ToolsManagerView.swift in Sources */,
				557FF2191941885389E563AB /* TrainingView.swift in Sources */,
				6E25A2E92ACF28BEFC8296BC /* VFSBrowserView.swift in Sources */,
				F2CDA4DB99B038A5D7AFBFE5 /* VQLEditorView.swift in Sources */,
				469093CC7F92F749E53B066C /* VelociraptorAPIClient.swift in Sources */,
				D8BEC878EC0E52511614E2D1 /* VelociraptorBinaryBridge.swift in Sources */,
				CAA9313B78C3BC670A7D8462 /* VelociraptorMacOSApp.swift in Sources */,
				1042733B1E5694F09FA42E61 /* WebSocketService.swift in Sources */,
				F22868C202C6298BFD3449FA /* WelcomeStepView.swift in Sources */,
			);
			runOnlyForDeploymentPostprocessing = 0;
		};
		C0932C823CB812D1D4800CA6 /* Sources */ = {
			isa = PBXSourcesBuildPhase;
			buildActionMask = 2147483647;
			files = (
				F79A258B7D3CC7FCF0B938E7 /* AIConfigurationUITests.swift in Sources */,
				49840DEA932B4A0F5DDE09E7 /* ComprehensiveUITests.swift in Sources */,
				2E6AAFF846EF2E5FC2FF5133 /* ConfigurationWizardUITests.swift in Sources */,
				A567A69032A8FD3D27D81A55 /* EmergencyModeUITests.swift in Sources */,
				EMGCOMPUIT1BUILD2REF345 /* EmergencyModeComprehensiveUITests.swift in Sources */,
				3ED15A8A8B47386F95A05ECF /* IncidentResponseUITests.swift in Sources */,
				9A64B3CF8B0A0E68FD7D19BF /* InstallerUITests.swift in Sources */,
				FB156AB71E6797122496F0EF /* SettingsUITests.swift in Sources */,
				30A3C630B37A4501ABBF0BE1 /* TestAccessibilityIdentifiers.swift in Sources */,
				9CE998C53D2EB500A2AECC4A /* VelociraptorMacOSUITests.swift in Sources */,
				INTEGUITEST1BUILD2REF345 /* IntegrationsUITests.swift in Sources */,
				AICHATTEST1BUILD2REF3456 /* AIChatUITests.swift in Sources */,
				BINLCUITEST1BUILD2REF345 /* BinaryLifecycleUITests.swift in Sources */,
				EMGTCHBARUITEST1BUILD /* EmergencyTouchBarUITests.swift in Sources */,
				588EF4835019B38B6A2A26D6 /* WizardUITests.swift in Sources */,
			);
			runOnlyForDeploymentPostprocessing = 0;
		};
		EFDB5D0E09B85F34175CBA99 /* Sources */ = {
			isa = PBXSourcesBuildPhase;
			buildActionMask = 2147483647;
			files = (
				A5731145DBC67D50D3A86484 /* APIAuthenticationServiceTests.swift in Sources */,
				484E9298E73652994990159C /* APIModelsTests.swift in Sources */,
				4A61EF908F13C530DE6E4F09 /* AppStateTests.swift in Sources */,
				02299BE26872924EFEC8B0BB /* CertificateSetupViewModelTests.swift in Sources */,
				33B9DCDEBEE9F9E14EBE2894 /* ConfigurationDataTests.swift in Sources */,
				C9F928627EE69CDF7E32E0C5 /* ConfigurationExporterTests.swift in Sources */,
				CF9A96176DABAB4C0CA1213F /* DeploymentManagerTests.swift in Sources */,
				PORTLOCKTEST1BUILD2REF34 /* PortLockdownManagerTests.swift in Sources */,
				3170F6C425F88A08862078BE /* HealthMonitorTests.swift in Sources */,
				D6ACBEE67309FDF990EC2702 /* IncidentResponseViewModelTests.swift in Sources */,
				539A76569151F75807EEB3D5 /* KeychainManagerTests.swift in Sources */,
				45730ACBB60C0B9499455578 /* LoggerTests.swift in Sources */,
				0CFC81511134864263F50ADD /* NotificationManagerTests.swift in Sources */,
				B3EFB0DB8AF78C9F337873EA /* QAValidationTests.swift in Sources */,
				709D8F74C7B143990B269571 /* VelociraptorAPIClientTests.swift in Sources */,
				75508CF9F2AFB59C71B0205F /* VelociraptorBinaryBridgeTests.swift in Sources */,
			);
			runOnlyForDeploymentPostprocessing = 0;
		};
/* End PBXSourcesBuildPhase section */

/* Begin PBXTargetDependency section */
		1C9D4708D1FC5A8FEED92A02 /* PBXTargetDependency */ = {
			isa = PBXTargetDependency;
			target = 3A4BE7589135DEC00541FCC8 /* VelociraptorMacOS */;
			targetProxy = 1AA98BD5569E3A8C718917E4 /* PBXContainerItemProxy */;
		};
		30097AD6B94B3D9C789C462E /* PBXTargetDependency */ = {
			isa = PBXTargetDependency;
			target = 3A4BE7589135DEC00541FCC8 /* VelociraptorMacOS */;
			targetProxy = 5F33BFB79EAEED1BCD9435BF /* PBXContainerItemProxy */;
		};
/* End PBXTargetDependency section */

/* Begin PBXVariantGroup section */
		EC531391F0851D61F38FB879 /* Localizable.strings */ = {
			isa = PBXVariantGroup;
			children = (
				173516B95E7451CA317987D6 /* en */,
			);
			name = Localizable.strings;
			sourceTree = "<group>";
		};
/* End PBXVariantGroup section */

/* Begin XCBuildConfiguration section */
		0D1780A1C539CBA78098AA2D /* Release */ = {
			isa = XCBuildConfiguration;
			buildSettings = {
				ASSETCATALOG_COMPILER_APPICON_NAME = AppIcon;
				CODE_SIGN_ENTITLEMENTS = VelociraptorMacOS/VelociraptorMacOS.entitlements;
				COMBINE_HIDPI_IMAGES = YES;
				ENABLE_HARDENED_RUNTIME = YES;
				INFOPLIST_FILE = VelociraptorMacOS/Info.plist;
				LD_RUNPATH_SEARCH_PATHS = (
					"$(inherited)",
					"@executable_path/../Frameworks",
				);
				PRODUCT_BUNDLE_IDENTIFIER = com.velocidex.velociraptor;
				SDKROOT = macosx;
			};
			name = Release;
		};
		67E2E10BC31EBC8E3A7CC38F /* Debug */ = {
			isa = XCBuildConfiguration;
			buildSettings = {
				ALWAYS_SEARCH_USER_PATHS = NO;
				ASSETCATALOG_COMPILER_APPICON_NAME = AppIcon;
				ASSETCATALOG_COMPILER_GLOBAL_ACCENT_COLOR_NAME = AccentColor;
				CLANG_ANALYZER_NONNULL = YES;
				CLANG_ANALYZER_NUMBER_OBJECT_CONVERSION = YES_AGGRESSIVE;
				CLANG_CXX_LANGUAGE_STANDARD = "gnu++14";
				CLANG_CXX_LIBRARY = "libc++";
				CLANG_ENABLE_MODULES = YES;
				CLANG_ENABLE_OBJC_ARC = YES;
				CLANG_ENABLE_OBJC_WEAK = YES;
				CLANG_WARN_BLOCK_CAPTURE_AUTORELEASING = YES;
				CLANG_WARN_BOOL_CONVERSION = YES;
				CLANG_WARN_COMMA = YES;
				CLANG_WARN_CONSTANT_CONVERSION = YES;
				CLANG_WARN_DEPRECATED_OBJC_IMPLEMENTATIONS = YES;
				CLANG_WARN_DIRECT_OBJC_ISA_USAGE = YES_ERROR;
				CLANG_WARN_DOCUMENTATION_COMMENTS = YES;
				CLANG_WARN_EMPTY_BODY = YES;
				CLANG_WARN_ENUM_CONVERSION = YES;
				CLANG_WARN_INFINITE_RECURSION = YES;
				CLANG_WARN_INT_CONVERSION = YES;
				CLANG_WARN_NON_LITERAL_NULL_CONVERSION = YES;
				CLANG_WARN_OBJC_IMPLICIT_RETAIN_SELF = YES;
				CLANG_WARN_OBJC_LITERAL_CONVERSION = YES;
				CLANG_WARN_OBJC_ROOT_CLASS = YES_ERROR;
				CLANG_WARN_QUOTED_INCLUDE_IN_FRAMEWORK_HEADER = YES;
				CLANG_WARN_RANGE_LOOP_ANALYSIS = YES;
				CLANG_WARN_STRICT_PROTOTYPES = YES;
				CLANG_WARN_SUSPICIOUS_MOVE = YES;
				CLANG_WARN_UNGUARDED_AVAILABILITY = YES_AGGRESSIVE;
				CLANG_WARN_UNREACHABLE_CODE = YES;
				CLANG_WARN__DUPLICATE_METHOD_MATCH = YES;
				CODE_SIGN_ENTITLEMENTS = VelociraptorMacOS/VelociraptorMacOS.entitlements;
				CODE_SIGN_IDENTITY = "-";
				CODE_SIGN_STYLE = Manual;
				COMBINE_HIDPI_IMAGES = YES;
				COPY_PHASE_STRIP = NO;
				CURRENT_PROJECT_VERSION = 1;
				DEBUG_INFORMATION_FORMAT = dwarf;
				DEVELOPMENT_TEAM = "";
				ENABLE_HARDENED_RUNTIME = NO;
				ENABLE_STRICT_OBJC_MSGSEND = YES;
				ENABLE_TESTABILITY = YES;
				GCC_C_LANGUAGE_STANDARD = gnu11;
				GCC_DYNAMIC_NO_PIC = NO;
				GCC_NO_COMMON_BLOCKS = YES;
				GCC_OPTIMIZATION_LEVEL = 0;
				GCC_PREPROCESSOR_DEFINITIONS = (
					"$(inherited)",
					"DEBUG=1",
				);
				GCC_WARN_64_TO_32_BIT_CONVERSION = YES;
				GCC_WARN_ABOUT_RETURN_TYPE = YES_ERROR;
				GCC_WARN_UNDECLARED_SELECTOR = YES;
				GCC_WARN_UNINITIALIZED_AUTOS = YES_AGGRESSIVE;
				GCC_WARN_UNUSED_FUNCTION = YES;
				GCC_WARN_UNUSED_VARIABLE = YES;
				INFOPLIST_FILE = VelociraptorMacOS/Info.plist;
				LD_RUNPATH_SEARCH_PATHS = (
					"$(inherited)",
					"@executable_path/../Frameworks",
				);
				MACOSX_DEPLOYMENT_TARGET = 14.0;
				MARKETING_VERSION = 5.0.5;
				MTL_ENABLE_DEBUG_INFO = INCLUDE_SOURCE;
				MTL_FAST_MATH = YES;
				ONLY_ACTIVE_ARCH = YES;
				PRODUCT_BUNDLE_IDENTIFIER = com.velocidex.velociraptor;
				PRODUCT_NAME = Velociraptor;
				PROVISIONING_PROFILE_SPECIFIER = "";
				SDKROOT = macosx;
				SWIFT_ACTIVE_COMPILATION_CONDITIONS = DEBUG;
				SWIFT_OPTIMIZATION_LEVEL = "-Onone";
				SWIFT_VERSION = 6.0;
			};
			name = Debug;
		};
		6A14B7CF439B49924DF9F3CA /* Release */ = {
			isa = XCBuildConfiguration;
			buildSettings = {
				BUNDLE_LOADER = "$(TEST_HOST)";
				CODE_SIGN_IDENTITY = "-";
				CODE_SIGN_STYLE = Manual;
				COMBINE_HIDPI_IMAGES = YES;
				GENERATE_INFOPLIST_FILE = YES;
				LD_RUNPATH_SEARCH_PATHS = (
					"$(inherited)",
					"@executable_path/../Frameworks",
					"@loader_path/../Frameworks",
				);
				PRODUCT_BUNDLE_IDENTIFIER = com.velocidex.velociraptor.tests;
				PRODUCT_MODULE_NAME = VelociraptorTests;
				PRODUCT_NAME = VelociraptorTests;
				SDKROOT = macosx;
				TEST_HOST = "$(BUILT_PRODUCTS_DIR)/Velociraptor.app/Contents/MacOS/Velociraptor";
			};
			name = Release;
		};
		92F6B0651E3B59AB25CD3580 /* Debug */ = {
			isa = XCBuildConfiguration;
			buildSettings = {
				BUNDLE_LOADER = "$(TEST_HOST)";
				CODE_SIGN_IDENTITY = "-";
				CODE_SIGN_STYLE = Manual;
				COMBINE_HIDPI_IMAGES = YES;
				GENERATE_INFOPLIST_FILE = YES;
				LD_RUNPATH_SEARCH_PATHS = (
					"$(inherited)",
					"@executable_path/../Frameworks",
					"@loader_path/../Frameworks",
				);
				PRODUCT_BUNDLE_IDENTIFIER = com.velocidex.velociraptor.tests;
				PRODUCT_MODULE_NAME = VelociraptorTests;
				PRODUCT_NAME = VelociraptorTests;
				SDKROOT = macosx;
				TEST_HOST = "$(BUILT_PRODUCTS_DIR)/Velociraptor.app/Contents/MacOS/Velociraptor";
			};
			name = Debug;
		};
		B333BD3C9B7057AA08A0EBEF /* Debug */ = {
			isa = XCBuildConfiguration;
			buildSettings = {
				ASSETCATALOG_COMPILER_APPICON_NAME = AppIcon;
				CODE_SIGN_ENTITLEMENTS = VelociraptorMacOS/VelociraptorMacOS.entitlements;
				CODE_SIGN_IDENTITY = "-";
				COMBINE_HIDPI_IMAGES = YES;
				ENABLE_HARDENED_RUNTIME = NO;
				INFOPLIST_FILE = VelociraptorMacOS/Info.plist;
				LD_RUNPATH_SEARCH_PATHS = (
					"$(inherited)",
					"@executable_path/../Frameworks",
				);
				PRODUCT_BUNDLE_IDENTIFIER = com.velocidex.velociraptor;
				SDKROOT = macosx;
			};
			name = Debug;
		};
		DBD9C72CC0C02E8BBC23D145 /* Release */ = {
			isa = XCBuildConfiguration;
			buildSettings = {
				ALWAYS_SEARCH_USER_PATHS = NO;
				ASSETCATALOG_COMPILER_APPICON_NAME = AppIcon;
				ASSETCATALOG_COMPILER_GLOBAL_ACCENT_COLOR_NAME = AccentColor;
				CLANG_ANALYZER_NONNULL = YES;
				CLANG_ANALYZER_NUMBER_OBJECT_CONVERSION = YES_AGGRESSIVE;
				CLANG_CXX_LANGUAGE_STANDARD = "gnu++14";
				CLANG_CXX_LIBRARY = "libc++";
				CLANG_ENABLE_MODULES = YES;
				CLANG_ENABLE_OBJC_ARC = YES;
				CLANG_ENABLE_OBJC_WEAK = YES;
				CLANG_WARN_BLOCK_CAPTURE_AUTORELEASING = YES;
				CLANG_WARN_BOOL_CONVERSION = YES;
				CLANG_WARN_COMMA = YES;
				CLANG_WARN_CONSTANT_CONVERSION = YES;
				CLANG_WARN_DEPRECATED_OBJC_IMPLEMENTATIONS = YES;
				CLANG_WARN_DIRECT_OBJC_ISA_USAGE = YES_ERROR;
				CLANG_WARN_DOCUMENTATION_COMMENTS = YES;
				CLANG_WARN_EMPTY_BODY = YES;
				CLANG_WARN_ENUM_CONVERSION = YES;
				CLANG_WARN_INFINITE_RECURSION = YES;
				CLANG_WARN_INT_CONVERSION = YES;
				CLANG_WARN_NON_LITERAL_NULL_CONVERSION = YES;
				CLANG_WARN_OBJC_IMPLICIT_RETAIN_SELF = YES;
				CLANG_WARN_OBJC_LITERAL_CONVERSION = YES;
				CLANG_WARN_OBJC_ROOT_CLASS = YES_ERROR;
				CLANG_WARN_QUOTED_INCLUDE_IN_FRAMEWORK_HEADER = YES;
				CLANG_WARN_RANGE_LOOP_ANALYSIS = YES;
				CLANG_WARN_STRICT_PROTOTYPES = YES;
				CLANG_WARN_SUSPICIOUS_MOVE = YES;
				CLANG_WARN_UNGUARDED_AVAILABILITY = YES_AGGRESSIVE;
				CLANG_WARN_UNREACHABLE_CODE = YES;
				CLANG_WARN__DUPLICATE_METHOD_MATCH = YES;
				CODE_SIGN_ENTITLEMENTS = VelociraptorMacOS/VelociraptorMacOS.entitlements;
				CODE_SIGN_IDENTITY = "Apple Development";
				CODE_SIGN_STYLE = Manual;
				COMBINE_HIDPI_IMAGES = YES;
				COPY_PHASE_STRIP = NO;
				CURRENT_PROJECT_VERSION = 1;
				DEBUG_INFORMATION_FORMAT = "dwarf-with-dsym";
				DEVELOPMENT_TEAM = "";
				ENABLE_HARDENED_RUNTIME = YES;
				ENABLE_NS_ASSERTIONS = NO;
				ENABLE_STRICT_OBJC_MSGSEND = YES;
				GCC_C_LANGUAGE_STANDARD = gnu11;
				GCC_NO_COMMON_BLOCKS = YES;
				GCC_WARN_64_TO_32_BIT_CONVERSION = YES;
				GCC_WARN_ABOUT_RETURN_TYPE = YES_ERROR;
				GCC_WARN_UNDECLARED_SELECTOR = YES;
				GCC_WARN_UNINITIALIZED_AUTOS = YES_AGGRESSIVE;
				GCC_WARN_UNUSED_FUNCTION = YES;
				GCC_WARN_UNUSED_VARIABLE = YES;
				INFOPLIST_FILE = VelociraptorMacOS/Info.plist;
				LD_RUNPATH_SEARCH_PATHS = (
					"$(inherited)",
					"@executable_path/../Frameworks",
				);
				MACOSX_DEPLOYMENT_TARGET = 14.0;
				MARKETING_VERSION = 5.0.5;
				MTL_ENABLE_DEBUG_INFO = NO;
				MTL_FAST_MATH = YES;
				PRODUCT_BUNDLE_IDENTIFIER = com.velocidex.velociraptor;
				PRODUCT_NAME = Velociraptor;
				PROVISIONING_PROFILE_SPECIFIER = "";
				SDKROOT = macosx;
				SWIFT_COMPILATION_MODE = wholemodule;
				SWIFT_OPTIMIZATION_LEVEL = "-O";
				SWIFT_VERSION = 6.0;
			};
			name = Release;
		};
		DF10CCE03E3A3651B4979F88 /* Debug */ = {
			isa = XCBuildConfiguration;
			buildSettings = {
				BUNDLE_LOADER = "$(TEST_HOST)";
				CODE_SIGN_IDENTITY = "-";
				CODE_SIGN_STYLE = Manual;
				COMBINE_HIDPI_IMAGES = YES;
				GENERATE_INFOPLIST_FILE = YES;
				LD_RUNPATH_SEARCH_PATHS = (
					"$(inherited)",
					"@executable_path/Frameworks",
					"@loader_path/Frameworks",
				);
				PRODUCT_BUNDLE_IDENTIFIER = com.velocidex.velociraptor.uitests;
				PRODUCT_MODULE_NAME = VelociraptorUITests;
				PRODUCT_NAME = VelociraptorUITests;
				SDKROOT = macosx;
				TEST_TARGET_NAME = VelociraptorMacOS;
			};
			name = Debug;
		};
		DFDDF6AC0B552680BA933B84 /* Release */ = {
			isa = XCBuildConfiguration;
			buildSettings = {
				BUNDLE_LOADER = "$(TEST_HOST)";
				CODE_SIGN_IDENTITY = "-";
				CODE_SIGN_STYLE = Manual;
				COMBINE_HIDPI_IMAGES = YES;
				GENERATE_INFOPLIST_FILE = YES;
				LD_RUNPATH_SEARCH_PATHS = (
					"$(inherited)",
					"@executable_path/Frameworks",
					"@loader_path/Frameworks",
				);
				PRODUCT_BUNDLE_IDENTIFIER = com.velocidex.velociraptor.uitests;
				PRODUCT_MODULE_NAME = VelociraptorUITests;
				PRODUCT_NAME = VelociraptorUITests;
				SDKROOT = macosx;
				TEST_TARGET_NAME = VelociraptorMacOS;
			};
			name = Release;
		};
/* End XCBuildConfiguration section */

/* Begin XCConfigurationList section */
		41C3641C0AD72447238560BF /* Build configuration list for PBXProject "VelociraptorMacOS" */ = {
			isa = XCConfigurationList;
			buildConfigurations = (
				67E2E10BC31EBC8E3A7CC38F /* Debug */,
				DBD9C72CC0C02E8BBC23D145 /* Release */,
			);
			defaultConfigurationIsVisible = 0;
			defaultConfigurationName = Debug;
		};
		7645E4FB3E950AD475D2F6DB /* Build configuration list for PBXNativeTarget "VelociraptorMacOSTests" */ = {
			isa = XCConfigurationList;
			buildConfigurations = (
				92F6B0651E3B59AB25CD3580 /* Debug */,
				6A14B7CF439B49924DF9F3CA /* Release */,
			);
			defaultConfigurationIsVisible = 0;
			defaultConfigurationName = Debug;
		};
		B358C3788EE99E65BE2DEDA9 /* Build configuration list for PBXNativeTarget "VelociraptorMacOS" */ = {
			isa = XCConfigurationList;
			buildConfigurations = (
				B333BD3C9B7057AA08A0EBEF /* Debug */,
				0D1780A1C539CBA78098AA2D /* Release */,
			);
			defaultConfigurationIsVisible = 0;
			defaultConfigurationName = Debug;
		};
		EDC4666CDEBB645C8D4A0185 /* Build configuration list for PBXNativeTarget "VelociraptorMacOSUITests" */ = {
			isa = XCConfigurationList;
			buildConfigurations = (
				DF10CCE03E3A3651B4979F88 /* Debug */,
				DFDDF6AC0B552680BA933B84 /* Release */,
			);
			defaultConfigurationIsVisible = 0;
			defaultConfigurationName = Debug;
		};
/* End XCConfigurationList section */

/* Begin XCRemoteSwiftPackageReference section */
		5752E27104BE366AF025C6A5 /* XCRemoteSwiftPackageReference "swift-sdk" */ = {
			isa = XCRemoteSwiftPackageReference;
			repositoryURL = "https://github.com/modelcontextprotocol/swift-sdk";
			requirement = {
				kind = exactVersion;
				version = 0.7.1;
			};
		};
		607AB4ECFE4E8F0847DBF9F6 /* XCRemoteSwiftPackageReference "swift-log" */ = {
			isa = XCRemoteSwiftPackageReference;
			repositoryURL = "https://github.com/apple/swift-log.git";
			requirement = {
				kind = upToNextMajorVersion;
				minimumVersion = 1.4.0;
			};
		};
/* End XCRemoteSwiftPackageReference section */

/* Begin XCSwiftPackageProductDependency section */
		5A513212690F21CD202E939D /* Logging */ = {
			isa = XCSwiftPackageProductDependency;
			package = 607AB4ECFE4E8F0847DBF9F6 /* XCRemoteSwiftPackageReference "swift-log" */;
			productName = Logging;
		};
/* End XCSwiftPackageProductDependency section */
	};
	rootObject = CE00F17CA88AA40B94C82D9A /* Project object */;
}
